{
  "name": "gatsby-transformer-bibtex",
  "version": "1.0.0",
  "lockfileVersion": 1,
  "requires": true,
  "dependencies": {
    "@citation-js/core": {
      "version": "0.5.0-alpha.4",
      "resolved": "https://registry.npmjs.org/@citation-js/core/-/core-0.5.0-alpha.4.tgz",
      "integrity": "sha512-F7C4LHQs6PXnUPQO/YENpGvpSVb+EJ6uFzKN2Z+Qst0rWYJj2c20jKB4mZYuQh4MBMO9f7L1m2Uq8u5P0jdZKA==",
      "requires": {
        "@citation-js/date": "^0.4.4",
        "@citation-js/name": "^0.4.2",
        "isomorphic-fetch": "^2.2.1",
        "sync-fetch": "^0.1.0"
      }
    },
    "@citation-js/date": {
      "version": "0.4.4",
      "resolved": "https://registry.npmjs.org/@citation-js/date/-/date-0.4.4.tgz",
      "integrity": "sha512-wD195pZPwCCN8idhxz4HYZbf5mMnPZMRhOipcU8v1orZWqZp6YDRjOplNKo6yX7tf6fB4ZO8QLuNaNjuic5AWQ=="
    },
    "@citation-js/name": {
      "version": "0.4.2",
      "resolved": "https://registry.npmjs.org/@citation-js/name/-/name-0.4.2.tgz",
      "integrity": "sha512-brSPsjs2fOVzSnARLKu0qncn6suWjHVQtrqSUrnqyaRH95r/Ad4wPF5EsoWr+Dx8HzkCGb/ogmoAzfCsqlTwTQ=="
    },
    "@citation-js/plugin-bibjson": {
      "version": "0.5.0-alpha.4",
      "resolved": "https://registry.npmjs.org/@citation-js/plugin-bibjson/-/plugin-bibjson-0.5.0-alpha.4.tgz",
      "integrity": "sha512-PxwbVXX6M0MDqsFI3ISVtD1xf9jMNRp327RcTL9qgTuQde5+58/6T9+7UDq8d2kzxA9na2dxT+0MtlQ774X2WQ==",
      "requires": {
        "@citation-js/date": "^0.4.4",
        "@citation-js/name": "^0.4.2"
      }
    },
    "@citation-js/plugin-bibtex": {
      "version": "0.5.0-alpha.4",
      "resolved": "https://registry.npmjs.org/@citation-js/plugin-bibtex/-/plugin-bibtex-0.5.0-alpha.4.tgz",
      "integrity": "sha512-nmaGwgUPaS5Rb/Yk2/aGtahsJzzjmxqYaQyBNxysrCWVBWDM/TbgBbU+fWcjOSyxanAEK3d4j4uqKzS9uc3pAA==",
      "requires": {
        "@citation-js/date": "^0.4.4",
        "@citation-js/name": "^0.4.2",
        "moo": "^0.5.1"
      }
    },
    "@citation-js/plugin-csl": {
      "version": "0.5.0-alpha.4",
      "resolved": "https://registry.npmjs.org/@citation-js/plugin-csl/-/plugin-csl-0.5.0-alpha.4.tgz",
      "integrity": "sha512-COMvnyOHzpQemqliYpkC1qAogIyL/sQjFU5+InFGMZqQWTpmp5Gxm1cSsZUL1LXGkmqg0TSYrZ90G7tcpSpEWw==",
      "requires": {
        "citeproc": "^2.2.27"
      }
    },
    "@citation-js/plugin-doi": {
      "version": "0.5.0-alpha.4",
      "resolved": "https://registry.npmjs.org/@citation-js/plugin-doi/-/plugin-doi-0.5.0-alpha.4.tgz",
      "integrity": "sha512-5lcbRhgwPntKWvrdcgpaGcr8rhEx9cez2Mb/oX/O+5pyhDrw4P/Lme3XgTbOMnfLw8y+EEYzHCrhKZC5PQtg5g=="
    },
    "@citation-js/plugin-ris": {
      "version": "0.5.0-alpha.4",
      "resolved": "https://registry.npmjs.org/@citation-js/plugin-ris/-/plugin-ris-0.5.0-alpha.4.tgz",
      "integrity": "sha512-32vdo9WvzZRckbOp8J5349tppcvmeJzTqyi+J/1G6njIEw71zhAp4kUXaeQ9MQCKOXAEGMJ2LSsjIawPbTAvqw==",
      "requires": {
        "@citation-js/date": "^0.4.4",
        "@citation-js/name": "^0.4.2"
      }
    },
    "@citation-js/plugin-wikidata": {
      "version": "0.5.0-alpha.4",
      "resolved": "https://registry.npmjs.org/@citation-js/plugin-wikidata/-/plugin-wikidata-0.5.0-alpha.4.tgz",
      "integrity": "sha512-4mJcn9UkwZkfuhE36bRW1spD4aZT+M7NKs4BxzTQAX2ly7aAsQs2pPPYaO3hRvwe/WgBQhjNheVQh9orC6Kilg==",
      "requires": {
        "@citation-js/date": "^0.4.4",
        "@citation-js/name": "^0.4.2",
        "wikidata-sdk": "7"
      }
    },
    "base64-js": {
      "version": "1.3.1",
      "resolved": "https://registry.npmjs.org/base64-js/-/base64-js-1.3.1.tgz",
      "integrity": "sha512-mLQ4i2QO1ytvGWFWmcngKO//JXAQueZvwEKtjgQFM4jIK0kU+ytMfplL8j+n5mspOfjHwoAg+9yhb7BwAHm36g=="
    },
    "buffer": {
      "version": "5.4.3",
      "resolved": "https://registry.npmjs.org/buffer/-/buffer-5.4.3.tgz",
      "integrity": "sha512-zvj65TkFeIt3i6aj5bIvJDzjjQQGs4o/sNoezg1F1kYap9Nu2jcUdpwzRSJTHMMzG0H7bZkn4rNQpImhuxWX2A==",
      "requires": {
        "base64-js": "^1.0.2",
        "ieee754": "^1.1.4"
      }
    },
    "citation-js": {
      "version": "0.5.0-alpha.4",
      "resolved": "https://registry.npmjs.org/citation-js/-/citation-js-0.5.0-alpha.4.tgz",
      "integrity": "sha512-IuKLRAW1c+0Gd0tNeya9eiF0bNgtq6JOj2gN6VEZExAVPCGyR04QEbApLNTR2fB3mSX2alHlstuTSB4OxAt5oA==",
      "requires": {
        "@citation-js/cli": "0.5.0-alpha.4",
        "@citation-js/core": "0.5.0-alpha.4",
        "@citation-js/date": "0.4.4",
        "@citation-js/name": "0.4.2",
        "@citation-js/plugin-bibjson": "0.5.0-alpha.4",
        "@citation-js/plugin-bibtex": "0.5.0-alpha.4",
        "@citation-js/plugin-csl": "0.5.0-alpha.4",
        "@citation-js/plugin-doi": "0.5.0-alpha.4",
        "@citation-js/plugin-ris": "0.5.0-alpha.4",
        "@citation-js/plugin-wikidata": "0.5.0-alpha.4",
        "citeproc": "^2.2.10"
      },
      "dependencies": {
        "@citation-js/cli": {
          "version": "0.5.0-alpha.4",
          "resolved": "https://registry.npmjs.org/@citation-js/cli/-/cli-0.5.0-alpha.4.tgz",
          "integrity": "sha512-tlnVAPS/bY9U7XqHB9+d/qEV8iOEjFeEBOP3jfb+OeOY04Z29tbgg1zt907G4H7Fq448dXYD/KAL9TrZS8BA9g==",
          "requires": {
            "@citation-js/core": "^0.5.0-alpha.4",
            "@citation-js/plugin-bibjson": "^0.5.0-alpha.4",
            "@citation-js/plugin-bibtex": "^0.5.0-alpha.4",
            "@citation-js/plugin-csl": "^0.5.0-alpha.4",
            "@citation-js/plugin-doi": "^0.5.0-alpha.4",
            "@citation-js/plugin-ris": "^0.5.0-alpha.4",
            "@citation-js/plugin-wikidata": "^0.5.0-alpha.4",
            "commander": "^2.20.0"
          }
        }
      }
    },
    "citeproc": {
      "version": "2.2.28",
      "resolved": "https://registry.npmjs.org/citeproc/-/citeproc-2.2.28.tgz",
      "integrity": "sha512-cwJK69VUF9AWoZPaovrMxwVHD5scBJSXTABtzkq2H645nZbb9gY5QMBk+5sKFVoFjeWMw2e56rvZsPeynuAUvw=="
    },
    "commander": {
      "version": "2.20.3",
      "resolved": "https://registry.npmjs.org/commander/-/commander-2.20.3.tgz",
      "integrity": "sha512-GpVkmM8vF2vQUkj2LvZmD35JxeJOLCwJ9cUkugyk2nuhbv3+mJvpLYYt+0+USMxE+oj+ey/lJEnhZw75x/OMcQ=="
    },
    "encoding": {
      "version": "0.1.12",
      "resolved": "https://registry.npmjs.org/encoding/-/encoding-0.1.12.tgz",
      "integrity": "sha1-U4tm8+5izRq1HsMjgp0flIDHS+s=",
      "requires": {
        "iconv-lite": "~0.4.13"
      }
    },
    "iconv-lite": {
      "version": "0.4.24",
      "resolved": "https://registry.npmjs.org/iconv-lite/-/iconv-lite-0.4.24.tgz",
      "integrity": "sha512-v3MXnZAcvnywkTUEZomIActle7RXXeedOR31wwl7VlyoXO4Qi9arvSenNQWne1TcRwhCL1HwLI21bEqdpj8/rA==",
      "requires": {
        "safer-buffer": ">= 2.1.2 < 3"
      }
    },
    "ieee754": {
      "version": "1.1.13",
      "resolved": "https://registry.npmjs.org/ieee754/-/ieee754-1.1.13.tgz",
      "integrity": "sha512-4vf7I2LYV/HaWerSo3XmlMkp5eZ83i+/CDluXi/IGTs/O1sejBNhTtnxzmRZfvOUqj7lZjqHkeTvpgSFDlWZTg=="
    },
    "is-stream": {
      "version": "1.1.0",
      "resolved": "https://registry.npmjs.org/is-stream/-/is-stream-1.1.0.tgz",
      "integrity": "sha1-EtSj3U5o4Lec6428hBc66A2RykQ="
    },
    "isomorphic-fetch": {
      "version": "2.2.1",
      "resolved": "https://registry.npmjs.org/isomorphic-fetch/-/isomorphic-fetch-2.2.1.tgz",
      "integrity": "sha1-YRrhrPFPXoH3KVB0coGf6XM1WKk=",
      "requires": {
        "node-fetch": "^1.0.1",
        "whatwg-fetch": ">=0.10.0"
      }
    },
    "moo": {
      "version": "0.5.1",
      "resolved": "https://registry.npmjs.org/moo/-/moo-0.5.1.tgz",
      "integrity": "sha512-I1mnb5xn4fO80BH9BLcF0yLypy2UKl+Cb01Fu0hJRkJjlCRtxZMWkTdAtDd5ZqCOxtCkhmRwyI57vWT+1iZ67w=="
    },
    "node-fetch": {
      "version": "1.7.3",
      "resolved": "https://registry.npmjs.org/node-fetch/-/node-fetch-1.7.3.tgz",
      "integrity": "sha512-NhZ4CsKx7cYm2vSrBAr2PvFOe6sWDf0UYLRqA6svUYg7+/TSfVAu49jYC4BvQ4Sms9SZgdqGBgroqfDhJdTyKQ==",
      "requires": {
        "encoding": "^0.1.11",
        "is-stream": "^1.0.1"
      }
    },
    "safer-buffer": {
      "version": "2.1.2",
      "resolved": "https://registry.npmjs.org/safer-buffer/-/safer-buffer-2.1.2.tgz",
      "integrity": "sha512-YZo3K82SD7Riyi0E1EQPojLz7kpepnSQI9IyPbHHg1XXXevb5dJI7tpyN2ADxGcQbHG7vcyRHk0cbwqcQriUtg=="
    },
    "sync-fetch": {
      "version": "0.1.1",
      "resolved": "https://registry.npmjs.org/sync-fetch/-/sync-fetch-0.1.1.tgz",
      "integrity": "sha512-8AkbqoxM0d/b8NKm5HuIJiFas/BkDTvKGDXIvZ8phT+gdyaVxKbzfae4bvgKUXwOvYWGdWjMQxJFkJxC+9Ee9A==",
      "requires": {
        "buffer": "^5.4.2",
        "node-fetch": "^2.6.0"
      },
      "dependencies": {
        "node-fetch": {
          "version": "2.6.0",
          "resolved": "https://registry.npmjs.org/node-fetch/-/node-fetch-2.6.0.tgz",
          "integrity": "sha512-8dG4H5ujfvFiqDmVu9fQ5bOHUC15JMjMY/Zumv26oOvvVJjM67KF8koCWIabKQ1GJIa9r2mMZscBq/TbdOcmNA=="
        }
      }
    },
    "whatwg-fetch": {
      "version": "3.0.0",
      "resolved": "https://registry.npmjs.org/whatwg-fetch/-/whatwg-fetch-3.0.0.tgz",
      "integrity": "sha512-9GSJUgz1D4MfyKU7KRqwOjXCXTqWdFNvEr7eUBYchQiVc744mqK/MzXPNR2WsPkmkOa4ywfg8C2n8h+13Bey1Q=="
    },
    "wikibase-sdk": {
      "version": "7.1.6",
      "resolved": "https://registry.npmjs.org/wikibase-sdk/-/wikibase-sdk-7.1.6.tgz",
      "integrity": "sha512-93PGNZfMnznTRg+McCu/VthQPjiAVBmWKfVaSy/vXHfR6iw7rwLxxIWv42Ib+zWu+llJFYuMvE0KnuyA9zG/jg=="
    },
    "wikidata-sdk": {
      "version": "7.0.7",
      "resolved": "https://registry.npmjs.org/wikidata-sdk/-/wikidata-sdk-7.0.7.tgz",
      "integrity": "sha512-p3DIAimYU0Nn4pRrN939KJFSO1SGAcqiajU+Zrgow26qfVeetImqPF/bwiOYo64supci5tEsJrrEe44MRPJpIA==",
      "requires": {
        "wikibase-sdk": "^7.0.7"
      }
    }
  }
}
